
Microsoft Visual Studio Solution File, Format Version 12.00
# Visual Studio 15
VisualStudioVersion = 15.0.27703.2018
MinimumVisualStudioVersion = 10.0.40219.1
Project("{FAE04EC0-301F-11D3-BF4B-00C04F79EFBC}") = "Permute", "Permute\Permute.csproj", "{AD524AF7-E365-4C98-A6FB-3A7C0197ABEE}"
EndProject
Project("{FAE04EC0-301F-11D3-BF4B-00C04F79EFBC}") = "Lookup1", "Lookup1\Lookup1.csproj", "{AD4E552A-A469-4EEC-8CE8-664D693AD2C1}"
EndProject
Global
	GlobalSection(SolutionConfigurationPlatforms) = preSolution
		Debug|Any CPU = Debug|Any CPU
		Release|Any CPU = Release|Any CPU
	EndGlobalSection
	GlobalSection(ProjectConfigurationPlatforms) = postSolution
		{AD524AF7-E365-4C98-A6FB-3A7C0197ABEE}.Debug|Any CPU.ActiveCfg = Debug|Any CPU
		{AD524AF7-E365-4C98-A6FB-3A7C0197ABEE}.Debug|Any CPU.Build.0 = Debug|Any CPU
		{AD524AF7-E365-4C98-A6FB-3A7C0197ABEE}.Release|Any CPU.ActiveCfg = Release|Any CPU
		{AD524AF7-E365-4C98-A6FB-3A7C0197ABEE}.Release|Any CPU.Build.0 = Release|Any CPU
		{AD4E552A-A469-4EEC-8CE8-664D693AD2C1}.Debug|Any CPU.ActiveCfg = Debug|Any CPU
		{AD4E552A-A469-4EEC-8CE8-664D693AD2C1}.Debug|Any CPU.Build.0 = Debug|Any CPU
		{AD4E552A-A469-4EEC-8CE8-664D693AD2C1}.Release|Any CPU.ActiveCfg = Release|Any CPU
		{AD4E552A-A469-4EEC-8CE8-664D693AD2C1}.Release|Any CPU.Build.0 = Release|Any CPU
	EndGlobalSection
	GlobalSection(SolutionProperties) = preSolution
		HideSolutionNode = FALSE
	EndGlobalSection
	GlobalSection(ExtensibilityGlobals) = postSolution
		SolutionGuid = {43D6F38F-CE69-4C04-AF9F-0A087E90B18C}
	EndGlobalSection
EndGlobal
